
Microsoft Visual Studio Solution File, Format Version 12.00
# Visual Studio 2017
Project("{FAE04EC0-301F-11D3-BF4B-00C04F79EFBC}") = "tutorial_network", "tutorial_network.csproj", "{36669903-A538-7121-95C4-9B5C2D7A7197}"
EndProject
Global
	GlobalSection(SolutionConfigurationPlatforms) = preSolution
		Debug|Any CPU = Debug|Any CPU
		Release|Any CPU = Release|Any CPU
	EndGlobalSection
	GlobalSection(ProjectConfigurationPlatforms) = postSolution
		{36669903-A538-7121-95C4-9B5C2D7A7197}.Debug|Any CPU.ActiveCfg = Debug|Any CPU
		{36669903-A538-7121-95C4-9B5C2D7A7197}.Debug|Any CPU.Build.0 = Debug|Any CPU
		{36669903-A538-7121-95C4-9B5C2D7A7197}.Release|Any CPU.ActiveCfg = Release|Any CPU
		{36669903-A538-7121-95C4-9B5C2D7A7197}.Release|Any CPU.Build.0 = Release|Any CPU
	EndGlobalSection
	GlobalSection(SolutionProperties) = preSolution
		HideSolutionNode = FALSE
	EndGlobalSection
EndGlobal
